# THIS IS AN AUTOGENERATED FILE. DO NOT EDIT THIS FILE DIRECTLY.
# yarn lockfile v1


"@popperjs/core@^2.1.1":
  version "2.1.1"
  resolved "https://registry.yarnpkg.com/@popperjs/core/-/core-2.1.1.tgz#12c572ab88ef7345b43f21883fca26631c223085"
  integrity sha512-sLqWxCzC5/QHLhziXSCAksBxHfOnQlhPRVgPK0egEw+ktWvG75T2k+aYWVjVh9+WKeT3tlG3ZNbZQvZLmfuOIw==

bootstrap@^3.4.1:
  version "3.4.1"
  resolved "https://registry.yarnpkg.com/bootstrap/-/bootstrap-3.4.1.tgz#c3a347d419e289ad11f4033e3c4132b87c081d72"
  integrity sha512-yN5oZVmRCwe5aKwzRj6736nSmKDX7pLYwsXiCj/EYmo16hODaBiT4En5btW/jhBF/seV+XMx3aYwukYC3A49DA==

fontawesome@^5.6.3:
  version "5.6.3"
  resolved "https://registry.yarnpkg.com/fontawesome/-/fontawesome-5.6.3.tgz#73f0b865fa2b0b384e69d531c05a02c643b72f95"
  integrity sha512-FCc+CawwsJWWprVEg9X14yI7zI+l9YVAyhzgu70qwGeDn0tLLDH/dVfqgij72g4BBGgLGfK2qnvFGAmYUkhaWg==

jquery@^3.5.0:
  version "3.5.0"
  resolved "https://registry.yarnpkg.com/jquery/-/jquery-3.5.0.tgz#9980b97d9e4194611c36530e7dc46a58d7340fc9"
  integrity sha512-Xb7SVYMvygPxbFMpTFQiHh1J7HClEaThguL15N/Gg37Lri/qKyhRGZYzHRyLH8Stq3Aow0LsHO2O2ci86fCrNQ==

particlesjs@^2.2.3:
  version "2.2.3"
  resolved "https://registry.yarnpkg.com/particlesjs/-/particlesjs-2.2.3.tgz#4d213ca740679fc1ccc772e8d864b884a091f37e"
  integrity sha512-f0rL80Agqdsrnv/uhlLewv+LMdiXHu9MYPzMv0ZLPM06nLx3zmAXMH882fxqO6Uzb91csli8WlWaYd2XPN0d/Q==

tippy.js@^6.1.0:
  version "6.1.0"
  resolved "https://registry.yarnpkg.com/tippy.js/-/tippy.js-6.1.0.tgz#9c58b94f92f3044d5e861b9d83da3c2a6d3d4323"
  integrity sha512-cRFydlVZlvo4soQSUfVNbH2K77zDUhDAzaAjxseyn81gGIa+j72y98yDL2yB0n8gas/E+Zlr1iOyR5ckslUFqA==
  dependencies:
    "@popperjs/core" "^2.1.1"
